
Microsoft Visual Studio Solution File, Format Version 12.00
Project("{FAE04EC0-301F-11D3-BF4B-00C04F79EFBC}") = "BlazorWebApp", "BlazorWebApp\BlazorWebApp\BlazorWebApp.csproj", "{BD5122F4-9863-4E78-927C-D4829B13EEE1}"
EndProject
Project("{FAE04EC0-301F-11D3-BF4B-00C04F79EFBC}") = "BlazorWebApp.Client", "BlazorWebApp\BlazorWebApp.Client\BlazorWebApp.Client.csproj", "{B81F3F64-7AD2-4969-913D-78AD250D74CD}"
EndProject
Project("{FAE04EC0-301F-11D3-BF4B-00C04F79EFBC}") = "Data", "Data\Data.csproj", "{1A62C4B7-E4FB-44F9-8DEB-B38054FDB42E}"
EndProject
Project("{FAE04EC0-301F-11D3-BF4B-00C04F79EFBC}") = "Data.Models", "Data.Models\Data.Models.csproj", "{7F62D7D5-B583-49E9-B3BE-74A7A49C4110}"
EndProject
Project("{FAE04EC0-301F-11D3-BF4B-00C04F79EFBC}") = "SharedComponents", "SharedComponents\SharedComponents.csproj", "{56779501-B378-4DDB-83A8-CD636DBE60F4}"
EndProject
Global
	GlobalSection(SolutionConfigurationPlatforms) = preSolution
		Debug|Any CPU = Debug|Any CPU
		Release|Any CPU = Release|Any CPU
	EndGlobalSection
	GlobalSection(ProjectConfigurationPlatforms) = postSolution
		{BD5122F4-9863-4E78-927C-D4829B13EEE1}.Debug|Any CPU.ActiveCfg = Debug|Any CPU
		{BD5122F4-9863-4E78-927C-D4829B13EEE1}.Debug|Any CPU.Build.0 = Debug|Any CPU
		{BD5122F4-9863-4E78-927C-D4829B13EEE1}.Release|Any CPU.ActiveCfg = Release|Any CPU
		{BD5122F4-9863-4E78-927C-D4829B13EEE1}.Release|Any CPU.Build.0 = Release|Any CPU
		{B81F3F64-7AD2-4969-913D-78AD250D74CD}.Debug|Any CPU.ActiveCfg = Debug|Any CPU
		{B81F3F64-7AD2-4969-913D-78AD250D74CD}.Debug|Any CPU.Build.0 = Debug|Any CPU
		{B81F3F64-7AD2-4969-913D-78AD250D74CD}.Release|Any CPU.ActiveCfg = Release|Any CPU
		{B81F3F64-7AD2-4969-913D-78AD250D74CD}.Release|Any CPU.Build.0 = Release|Any CPU
		{1A62C4B7-E4FB-44F9-8DEB-B38054FDB42E}.Debug|Any CPU.ActiveCfg = Debug|Any CPU
		{1A62C4B7-E4FB-44F9-8DEB-B38054FDB42E}.Debug|Any CPU.Build.0 = Debug|Any CPU
		{1A62C4B7-E4FB-44F9-8DEB-B38054FDB42E}.Release|Any CPU.ActiveCfg = Release|Any CPU
		{1A62C4B7-E4FB-44F9-8DEB-B38054FDB42E}.Release|Any CPU.Build.0 = Release|Any CPU
		{7F62D7D5-B583-49E9-B3BE-74A7A49C4110}.Debug|Any CPU.ActiveCfg = Debug|Any CPU
		{7F62D7D5-B583-49E9-B3BE-74A7A49C4110}.Debug|Any CPU.Build.0 = Debug|Any CPU
		{7F62D7D5-B583-49E9-B3BE-74A7A49C4110}.Release|Any CPU.ActiveCfg = Release|Any CPU
		{7F62D7D5-B583-49E9-B3BE-74A7A49C4110}.Release|Any CPU.Build.0 = Release|Any CPU
		{56779501-B378-4DDB-83A8-CD636DBE60F4}.Debug|Any CPU.ActiveCfg = Debug|Any CPU
		{56779501-B378-4DDB-83A8-CD636DBE60F4}.Debug|Any CPU.Build.0 = Debug|Any CPU
		{56779501-B378-4DDB-83A8-CD636DBE60F4}.Release|Any CPU.ActiveCfg = Release|Any CPU
		{56779501-B378-4DDB-83A8-CD636DBE60F4}.Release|Any CPU.Build.0 = Release|Any CPU
	EndGlobalSection
EndGlobal
